
Microsoft Visual Studio Solution File, Format Version 12.00
# Visual Studio Version 17
VisualStudioVersion = 17.14.36327.8
MinimumVisualStudioVersion = 10.0.40219.1
Project("{FAE04EC0-301F-11D3-BF4B-00C04F79EFBC}") = "MSBee.VS2017", "MSBee.VS2017\MSBee.VS2017.csproj", "{72860313-B5BF-4661-89D3-EB3BC03C0CBD}"
EndProject
Project("{FAE04EC0-301F-11D3-BF4B-00C04F79EFBC}") = "MSBee.VS2015", "MSBee.VS2015\MSBee.VS2015.csproj", "{23144473-9AE8-4A65-9AC0-458A1872F49F}"
EndProject
Project("{FAE04EC0-301F-11D3-BF4B-00C04F79EFBC}") = "CSharpEXE10", "Projects\CSharpEXE\CSharpEXE10.csproj", "{BC958F0F-A4DA-4146-B722-3580275C603B}"
EndProject
Project("{FAE04EC0-301F-11D3-BF4B-00C04F79EFBC}") = "CSharpEXE11", "Projects\CSharpEXE\CSharpEXE11.csproj", "{234CBF36-1673-42F4-BE78-38E29C258212}"
EndProject
Project("{FAE04EC0-301F-11D3-BF4B-00C04F79EFBC}") = "CSharpConsole10", "Projects\CSharpConsole\CSharpConsole10.csproj", "{D73CE984-7F1E-47F1-A25D-7C2EF30C4746}"
EndProject
Project("{FAE04EC0-301F-11D3-BF4B-00C04F79EFBC}") = "CSharpConsole11", "Projects\CSharpConsole\CSharpConsole11.csproj", "{8312BA0C-C34E-4B18-A0C9-808538A3844E}"
EndProject
Project("{FAE04EC0-301F-11D3-BF4B-00C04F79EFBC}") = "CSharpDLL10", "Projects\CSharpDLL\CSharpDLL10.csproj", "{9D910EC9-DA3F-4790-9BBD-F2D7CADC1A46}"
EndProject
Project("{FAE04EC0-301F-11D3-BF4B-00C04F79EFBC}") = "CSharpDLL11", "Projects\CSharpDLL\CSharpDLL11.csproj", "{0980605B-2CEA-4C86-997D-3945A25D197E}"
EndProject
Project("{FAE04EC0-301F-11D3-BF4B-00C04F79EFBC}") = "MSBee.Tasks11", "MSBee.Tasks11\MSBee.Tasks11.csproj", "{6E43E1D6-969F-40B3-9125-D55029E92FEE}"
EndProject
Project("{FAE04EC0-301F-11D3-BF4B-00C04F79EFBC}") = "MSBee.Tasks10", "MSBee.Tasks10\MSBee.Tasks10.csproj", "{096F8286-1E0C-AD42-01A6-D42ABC8F949B}"
EndProject
Global
	GlobalSection(SolutionConfigurationPlatforms) = preSolution
		Debug|Any CPU = Debug|Any CPU
		Debug|arm64 = Debug|arm64
		Debug|x86 = Debug|x86
		Release|Any CPU = Release|Any CPU
		Release|arm64 = Release|arm64
		Release|x86 = Release|x86
	EndGlobalSection
	GlobalSection(ProjectConfigurationPlatforms) = postSolution
		{72860313-B5BF-4661-89D3-EB3BC03C0CBD}.Debug|Any CPU.ActiveCfg = Debug|Any CPU
		{72860313-B5BF-4661-89D3-EB3BC03C0CBD}.Debug|Any CPU.Build.0 = Debug|Any CPU
		{72860313-B5BF-4661-89D3-EB3BC03C0CBD}.Debug|arm64.ActiveCfg = Debug|arm64
		{72860313-B5BF-4661-89D3-EB3BC03C0CBD}.Debug|arm64.Build.0 = Debug|arm64
		{72860313-B5BF-4661-89D3-EB3BC03C0CBD}.Debug|x86.ActiveCfg = Debug|x86
		{72860313-B5BF-4661-89D3-EB3BC03C0CBD}.Debug|x86.Build.0 = Debug|x86
		{72860313-B5BF-4661-89D3-EB3BC03C0CBD}.Release|Any CPU.ActiveCfg = Release|Any CPU
		{72860313-B5BF-4661-89D3-EB3BC03C0CBD}.Release|Any CPU.Build.0 = Release|Any CPU
		{72860313-B5BF-4661-89D3-EB3BC03C0CBD}.Release|arm64.ActiveCfg = Release|arm64
		{72860313-B5BF-4661-89D3-EB3BC03C0CBD}.Release|arm64.Build.0 = Release|arm64
		{72860313-B5BF-4661-89D3-EB3BC03C0CBD}.Release|x86.ActiveCfg = Release|x86
		{72860313-B5BF-4661-89D3-EB3BC03C0CBD}.Release|x86.Build.0 = Release|x86
		{23144473-9AE8-4A65-9AC0-458A1872F49F}.Debug|Any CPU.ActiveCfg = Debug|Any CPU
		{23144473-9AE8-4A65-9AC0-458A1872F49F}.Debug|Any CPU.Build.0 = Debug|Any CPU
		{23144473-9AE8-4A65-9AC0-458A1872F49F}.Debug|arm64.ActiveCfg = Debug|arm64
		{23144473-9AE8-4A65-9AC0-458A1872F49F}.Debug|arm64.Build.0 = Debug|arm64
		{23144473-9AE8-4A65-9AC0-458A1872F49F}.Debug|x86.ActiveCfg = Debug|x86
		{23144473-9AE8-4A65-9AC0-458A1872F49F}.Debug|x86.Build.0 = Debug|x86
		{23144473-9AE8-4A65-9AC0-458A1872F49F}.Release|Any CPU.ActiveCfg = Release|Any CPU
		{23144473-9AE8-4A65-9AC0-458A1872F49F}.Release|Any CPU.Build.0 = Release|Any CPU
		{23144473-9AE8-4A65-9AC0-458A1872F49F}.Release|arm64.ActiveCfg = Release|arm64
		{23144473-9AE8-4A65-9AC0-458A1872F49F}.Release|arm64.Build.0 = Release|arm64
		{23144473-9AE8-4A65-9AC0-458A1872F49F}.Release|x86.ActiveCfg = Release|x86
		{23144473-9AE8-4A65-9AC0-458A1872F49F}.Release|x86.Build.0 = Release|x86
		{BC958F0F-A4DA-4146-B722-3580275C603B}.Debug|Any CPU.ActiveCfg = Debug|Any CPU
		{BC958F0F-A4DA-4146-B722-3580275C603B}.Debug|Any CPU.Build.0 = Debug|Any CPU
		{BC958F0F-A4DA-4146-B722-3580275C603B}.Debug|arm64.ActiveCfg = Debug|arm64
		{BC958F0F-A4DA-4146-B722-3580275C603B}.Debug|arm64.Build.0 = Debug|arm64
		{BC958F0F-A4DA-4146-B722-3580275C603B}.Debug|x86.ActiveCfg = Debug|x86
		{BC958F0F-A4DA-4146-B722-3580275C603B}.Debug|x86.Build.0 = Debug|x86
		{BC958F0F-A4DA-4146-B722-3580275C603B}.Release|Any CPU.ActiveCfg = Release|Any CPU
		{BC958F0F-A4DA-4146-B722-3580275C603B}.Release|Any CPU.Build.0 = Release|Any CPU
		{BC958F0F-A4DA-4146-B722-3580275C603B}.Release|arm64.ActiveCfg = Release|arm64
		{BC958F0F-A4DA-4146-B722-3580275C603B}.Release|arm64.Build.0 = Release|arm64
		{BC958F0F-A4DA-4146-B722-3580275C603B}.Release|x86.ActiveCfg = Release|x86
		{BC958F0F-A4DA-4146-B722-3580275C603B}.Release|x86.Build.0 = Release|x86
		{234CBF36-1673-42F4-BE78-38E29C258212}.Debug|Any CPU.ActiveCfg = Debug|Any CPU
		{234CBF36-1673-42F4-BE78-38E29C258212}.Debug|Any CPU.Build.0 = Debug|Any CPU
		{234CBF36-1673-42F4-BE78-38E29C258212}.Debug|arm64.ActiveCfg = Debug|arm64
		{234CBF36-1673-42F4-BE78-38E29C258212}.Debug|arm64.Build.0 = Debug|arm64
		{234CBF36-1673-42F4-BE78-38E29C258212}.Debug|x86.ActiveCfg = Debug|x86
		{234CBF36-1673-42F4-BE78-38E29C258212}.Debug|x86.Build.0 = Debug|x86
		{234CBF36-1673-42F4-BE78-38E29C258212}.Release|Any CPU.ActiveCfg = Release|Any CPU
		{234CBF36-1673-42F4-BE78-38E29C258212}.Release|Any CPU.Build.0 = Release|Any CPU
		{234CBF36-1673-42F4-BE78-38E29C258212}.Release|arm64.ActiveCfg = Release|arm64
		{234CBF36-1673-42F4-BE78-38E29C258212}.Release|arm64.Build.0 = Release|arm64
		{234CBF36-1673-42F4-BE78-38E29C258212}.Release|x86.ActiveCfg = Release|x86
		{234CBF36-1673-42F4-BE78-38E29C258212}.Release|x86.Build.0 = Release|x86
		{D73CE984-7F1E-47F1-A25D-7C2EF30C4746}.Debug|Any CPU.ActiveCfg = Debug|Any CPU
		{D73CE984-7F1E-47F1-A25D-7C2EF30C4746}.Debug|Any CPU.Build.0 = Debug|Any CPU
		{D73CE984-7F1E-47F1-A25D-7C2EF30C4746}.Debug|arm64.ActiveCfg = Debug|arm64
		{D73CE984-7F1E-47F1-A25D-7C2EF30C4746}.Debug|arm64.Build.0 = Debug|arm64
		{D73CE984-7F1E-47F1-A25D-7C2EF30C4746}.Debug|x86.ActiveCfg = Debug|x86
		{D73CE984-7F1E-47F1-A25D-7C2EF30C4746}.Debug|x86.Build.0 = Debug|x86
		{D73CE984-7F1E-47F1-A25D-7C2EF30C4746}.Release|Any CPU.ActiveCfg = Release|Any CPU
		{D73CE984-7F1E-47F1-A25D-7C2EF30C4746}.Release|Any CPU.Build.0 = Release|Any CPU
		{D73CE984-7F1E-47F1-A25D-7C2EF30C4746}.Release|arm64.ActiveCfg = Release|arm64
		{D73CE984-7F1E-47F1-A25D-7C2EF30C4746}.Release|arm64.Build.0 = Release|arm64
		{D73CE984-7F1E-47F1-A25D-7C2EF30C4746}.Release|x86.ActiveCfg = Release|x86
		{D73CE984-7F1E-47F1-A25D-7C2EF30C4746}.Release|x86.Build.0 = Release|x86
		{8312BA0C-C34E-4B18-A0C9-808538A3844E}.Debug|Any CPU.ActiveCfg = Debug|Any CPU
		{8312BA0C-C34E-4B18-A0C9-808538A3844E}.Debug|Any CPU.Build.0 = Debug|Any CPU
		{8312BA0C-C34E-4B18-A0C9-808538A3844E}.Debug|arm64.ActiveCfg = Debug|arm64
		{8312BA0C-C34E-4B18-A0C9-808538A3844E}.Debug|arm64.Build.0 = Debug|arm64
		{8312BA0C-C34E-4B18-A0C9-808538A3844E}.Debug|x86.ActiveCfg = Debug|x86
		{8312BA0C-C34E-4B18-A0C9-808538A3844E}.Debug|x86.Build.0 = Debug|x86
		{8312BA0C-C34E-4B18-A0C9-808538A3844E}.Release|Any CPU.ActiveCfg = Release|Any CPU
		{8312BA0C-C34E-4B18-A0C9-808538A3844E}.Release|Any CPU.Build.0 = Release|Any CPU
		{8312BA0C-C34E-4B18-A0C9-808538A3844E}.Release|arm64.ActiveCfg = Release|arm64
		{8312BA0C-C34E-4B18-A0C9-808538A3844E}.Release|arm64.Build.0 = Release|arm64
		{8312BA0C-C34E-4B18-A0C9-808538A3844E}.Release|x86.ActiveCfg = Release|x86
		{8312BA0C-C34E-4B18-A0C9-808538A3844E}.Release|x86.Build.0 = Release|x86
		{9D910EC9-DA3F-4790-9BBD-F2D7CADC1A46}.Debug|Any CPU.ActiveCfg = Debug|Any CPU
		{9D910EC9-DA3F-4790-9BBD-F2D7CADC1A46}.Debug|Any CPU.Build.0 = Debug|Any CPU
		{9D910EC9-DA3F-4790-9BBD-F2D7CADC1A46}.Debug|arm64.ActiveCfg = Debug|arm64
		{9D910EC9-DA3F-4790-9BBD-F2D7CADC1A46}.Debug|arm64.Build.0 = Debug|arm64
		{9D910EC9-DA3F-4790-9BBD-F2D7CADC1A46}.Debug|x86.ActiveCfg = Debug|x86
		{9D910EC9-DA3F-4790-9BBD-F2D7CADC1A46}.Debug|x86.Build.0 = Debug|x86
		{9D910EC9-DA3F-4790-9BBD-F2D7CADC1A46}.Release|Any CPU.ActiveCfg = Release|Any CPU
		{9D910EC9-DA3F-4790-9BBD-F2D7CADC1A46}.Release|Any CPU.Build.0 = Release|Any CPU
		{9D910EC9-DA3F-4790-9BBD-F2D7CADC1A46}.Release|arm64.ActiveCfg = Release|arm64
		{9D910EC9-DA3F-4790-9BBD-F2D7CADC1A46}.Release|arm64.Build.0 = Release|arm64
		{9D910EC9-DA3F-4790-9BBD-F2D7CADC1A46}.Release|x86.ActiveCfg = Release|x86
		{9D910EC9-DA3F-4790-9BBD-F2D7CADC1A46}.Release|x86.Build.0 = Release|x86
		{0980605B-2CEA-4C86-997D-3945A25D197E}.Debug|Any CPU.ActiveCfg = Debug|Any CPU
		{0980605B-2CEA-4C86-997D-3945A25D197E}.Debug|Any CPU.Build.0 = Debug|Any CPU
		{0980605B-2CEA-4C86-997D-3945A25D197E}.Debug|arm64.ActiveCfg = Debug|arm64
		{0980605B-2CEA-4C86-997D-3945A25D197E}.Debug|arm64.Build.0 = Debug|arm64
		{0980605B-2CEA-4C86-997D-3945A25D197E}.Debug|x86.ActiveCfg = Debug|x86
		{0980605B-2CEA-4C86-997D-3945A25D197E}.Debug|x86.Build.0 = Debug|x86
		{0980605B-2CEA-4C86-997D-3945A25D197E}.Release|Any CPU.ActiveCfg = Release|Any CPU
		{0980605B-2CEA-4C86-997D-3945A25D197E}.Release|Any CPU.Build.0 = Release|Any CPU
		{0980605B-2CEA-4C86-997D-3945A25D197E}.Release|arm64.ActiveCfg = Release|arm64
		{0980605B-2CEA-4C86-997D-3945A25D197E}.Release|arm64.Build.0 = Release|arm64
		{0980605B-2CEA-4C86-997D-3945A25D197E}.Release|x86.ActiveCfg = Release|x86
		{0980605B-2CEA-4C86-997D-3945A25D197E}.Release|x86.Build.0 = Release|x86
		{6E43E1D6-969F-40B3-9125-D55029E92FEE}.Debug|Any CPU.ActiveCfg = Debug|Any CPU
		{6E43E1D6-969F-40B3-9125-D55029E92FEE}.Debug|Any CPU.Build.0 = Debug|Any CPU
		{6E43E1D6-969F-40B3-9125-D55029E92FEE}.Debug|arm64.ActiveCfg = Debug|Any CPU
		{6E43E1D6-969F-40B3-9125-D55029E92FEE}.Debug|arm64.Build.0 = Debug|Any CPU
		{6E43E1D6-969F-40B3-9125-D55029E92FEE}.Debug|x86.ActiveCfg = Debug|Any CPU
		{6E43E1D6-969F-40B3-9125-D55029E92FEE}.Debug|x86.Build.0 = Debug|Any CPU
		{6E43E1D6-969F-40B3-9125-D55029E92FEE}.Release|Any CPU.ActiveCfg = Release|Any CPU
		{6E43E1D6-969F-40B3-9125-D55029E92FEE}.Release|Any CPU.Build.0 = Release|Any CPU
		{6E43E1D6-969F-40B3-9125-D55029E92FEE}.Release|arm64.ActiveCfg = Release|Any CPU
		{6E43E1D6-969F-40B3-9125-D55029E92FEE}.Release|arm64.Build.0 = Release|Any CPU
		{6E43E1D6-969F-40B3-9125-D55029E92FEE}.Release|x86.ActiveCfg = Release|Any CPU
		{6E43E1D6-969F-40B3-9125-D55029E92FEE}.Release|x86.Build.0 = Release|Any CPU
		{096F8286-1E0C-AD42-01A6-D42ABC8F949B}.Debug|Any CPU.ActiveCfg = Debug|Any CPU
		{096F8286-1E0C-AD42-01A6-D42ABC8F949B}.Debug|Any CPU.Build.0 = Debug|Any CPU
		{096F8286-1E0C-AD42-01A6-D42ABC8F949B}.Debug|arm64.ActiveCfg = Debug|Any CPU
		{096F8286-1E0C-AD42-01A6-D42ABC8F949B}.Debug|arm64.Build.0 = Debug|Any CPU
		{096F8286-1E0C-AD42-01A6-D42ABC8F949B}.Debug|x86.ActiveCfg = Debug|Any CPU
		{096F8286-1E0C-AD42-01A6-D42ABC8F949B}.Debug|x86.Build.0 = Debug|Any CPU
		{096F8286-1E0C-AD42-01A6-D42ABC8F949B}.Release|Any CPU.ActiveCfg = Release|Any CPU
		{096F8286-1E0C-AD42-01A6-D42ABC8F949B}.Release|Any CPU.Build.0 = Release|Any CPU
		{096F8286-1E0C-AD42-01A6-D42ABC8F949B}.Release|arm64.ActiveCfg = Release|Any CPU
		{096F8286-1E0C-AD42-01A6-D42ABC8F949B}.Release|arm64.Build.0 = Release|Any CPU
		{096F8286-1E0C-AD42-01A6-D42ABC8F949B}.Release|x86.ActiveCfg = Release|Any CPU
		{096F8286-1E0C-AD42-01A6-D42ABC8F949B}.Release|x86.Build.0 = Release|Any CPU
	EndGlobalSection
	GlobalSection(SolutionProperties) = preSolution
		HideSolutionNode = FALSE
	EndGlobalSection
	GlobalSection(ExtensibilityGlobals) = postSolution
		SolutionGuid = {6DE08AF3-C21E-4759-AE36-F641C38B8B46}
	EndGlobalSection
EndGlobal
